// !$*UTF8*$!
{
	archiveVersion = 1;
	classes = {
	};
	objectVersion = 55;
	objects = {

/* Begin PBXBuildFile section */
		0220F6FF28B65A1500864126 /* CharacterDetailCoordinator.swift in Sources */ = {isa = PBXBuildFile; fileRef = 0220F6FE28B65A1500864126 /* CharacterDetailCoordinator.swift */; };
		0220F70128B65ADE00864126 /* CharacterDetailViewController.swift in Sources */ = {isa = PBXBuildFile; fileRef = 0220F70028B65ADE00864126 /* CharacterDetailViewController.swift */; };
		0220F70328B65BC600864126 /* CharacterDetailViewModel.swift in Sources */ = {isa = PBXBuildFile; fileRef = 0220F70228B65BC600864126 /* CharacterDetailViewModel.swift */; };
		023333B628C3521000C18F38 /* Character.xcdatamodeld in Sources */ = {isa = PBXBuildFile; fileRef = 023333B428C3521000C18F38 /* Character.xcdatamodeld */; };
		023333B928C3550B00C18F38 /* CoreDataManager.swift in Sources */ = {isa = PBXBuildFile; fileRef = 023333B828C3550B00C18F38 /* CoreDataManager.swift */; };
		023333BC28C357FE00C18F38 /* LikedCharacter+CoreDataClass.swift in Sources */ = {isa = PBXBuildFile; fileRef = 023333BA28C357FE00C18F38 /* LikedCharacter+CoreDataClass.swift */; };
		023333BD28C357FE00C18F38 /* LikedCharacter+CoreDataProperties.swift in Sources */ = {isa = PBXBuildFile; fileRef = 023333BB28C357FE00C18F38 /* LikedCharacter+CoreDataProperties.swift */; };
		023333BF28C3588E00C18F38 /* CoreDataManager+Extensions.swift in Sources */ = {isa = PBXBuildFile; fileRef = 023333BE28C3588E00C18F38 /* CoreDataManager+Extensions.swift */; };
		023333C128C358AF00C18F38 /* CoreDataManager+Protocol.swift in Sources */ = {isa = PBXBuildFile; fileRef = 023333C028C358AF00C18F38 /* CoreDataManager+Protocol.swift */; };
		023333C328C3590800C18F38 /* LikedCharacterModel .swift in Sources */ = {isa = PBXBuildFile; fileRef = 023333C228C3590800C18F38 /* LikedCharacterModel .swift */; };
		023B6AA228BDCA9B00441A7C /* InfoHeaderSectionView.swift in Sources */ = {isa = PBXBuildFile; fileRef = 023B6AA128BDCA9B00441A7C /* InfoHeaderSectionView.swift */; };
		0250AB8328B20ACD0025400B /* API.swift in Sources */ = {isa = PBXBuildFile; fileRef = 0250AB8228B20ACD0025400B /* API.swift */; };
		0250AB8528B20D050025400B /* NetworkService.swift in Sources */ = {isa = PBXBuildFile; fileRef = 0250AB8428B20D050025400B /* NetworkService.swift */; };
		0250AB8728B20FC10025400B /* URLFactory.swift in Sources */ = {isa = PBXBuildFile; fileRef = 0250AB8628B20FC10025400B /* URLFactory.swift */; };
		0274380028B077880005142F /* AppDelegate.swift in Sources */ = {isa = PBXBuildFile; fileRef = 027437FF28B077880005142F /* AppDelegate.swift */; };
		0274380228B077880005142F /* SceneDelegate.swift in Sources */ = {isa = PBXBuildFile; fileRef = 0274380128B077880005142F /* SceneDelegate.swift */; };
		0274380928B0778B0005142F /* Assets.xcassets in Resources */ = {isa = PBXBuildFile; fileRef = 0274380828B0778B0005142F /* Assets.xcassets */; };
		0274380C28B0778B0005142F /* LaunchScreen.storyboard in Resources */ = {isa = PBXBuildFile; fileRef = 0274380A28B0778B0005142F /* LaunchScreen.storyboard */; };
		0274381F28B07D480005142F /* AppCoordinator.swift in Sources */ = {isa = PBXBuildFile; fileRef = 0274381E28B07D480005142F /* AppCoordinator.swift */; };
		0274382428B07FE60005142F /* CharacterListViewController.swift in Sources */ = {isa = PBXBuildFile; fileRef = 0274382328B07FE60005142F /* CharacterListViewController.swift */; };
		0274382628B080320005142F /* CharacterListViewModel.swift in Sources */ = {isa = PBXBuildFile; fileRef = 0274382528B080320005142F /* CharacterListViewModel.swift */; };
		0274382828B080F10005142F /* CharacterListCoordinator.swift in Sources */ = {isa = PBXBuildFile; fileRef = 0274382728B080F10005142F /* CharacterListCoordinator.swift */; };
		0274382B28B0BE7E0005142F /* CharacterCollectionViewCell.swift in Sources */ = {isa = PBXBuildFile; fileRef = 0274382A28B0BE7E0005142F /* CharacterCollectionViewCell.swift */; };
		0274382E28B0C0BA0005142F /* Constants.swift in Sources */ = {isa = PBXBuildFile; fileRef = 0274382D28B0C0BA0005142F /* Constants.swift */; };
		0274383028B0EBB30005142F /* Character.swift in Sources */ = {isa = PBXBuildFile; fileRef = 0274382F28B0EBB30005142F /* Character.swift */; };
		0274383328B0F1110005142F /* Kingfisher in Frameworks */ = {isa = PBXBuildFile; productRef = 0274383228B0F1110005142F /* Kingfisher */; };
		0274383628B0F4BE0005142F /* UIImageView + Extensions.swift in Sources */ = {isa = PBXBuildFile; fileRef = 0274383528B0F4BE0005142F /* UIImageView + Extensions.swift */; };
		0276BF1C28B32844005B71C9 /* NetworkService+Characters.swift in Sources */ = {isa = PBXBuildFile; fileRef = 0276BF1B28B32844005B71C9 /* NetworkService+Characters.swift */; };
		0276BF1E28B32914005B71C9 /* Response.swift in Sources */ = {isa = PBXBuildFile; fileRef = 0276BF1D28B32914005B71C9 /* Response.swift */; };
		0276BF2028B32948005B71C9 /* Info.swift in Sources */ = {isa = PBXBuildFile; fileRef = 0276BF1F28B32948005B71C9 /* Info.swift */; };
		027D84F528C324B600F41C4B /* CharacterLikedCoordinator.swift in Sources */ = {isa = PBXBuildFile; fileRef = 027D84F428C324B600F41C4B /* CharacterLikedCoordinator.swift */; };
		027D84F728C325FE00F41C4B /* CharacterLikedViewController.swift in Sources */ = {isa = PBXBuildFile; fileRef = 027D84F628C325FE00F41C4B /* CharacterLikedViewController.swift */; };
		027D84F928C3264500F41C4B /* CharacterLikedViewModel.swift in Sources */ = {isa = PBXBuildFile; fileRef = 027D84F828C3264500F41C4B /* CharacterLikedViewModel.swift */; };
		027F5C2028B89B1C005C7F7A /* CharacterDetailHeaderView.swift in Sources */ = {isa = PBXBuildFile; fileRef = 027F5C1F28B89B1C005C7F7A /* CharacterDetailHeaderView.swift */; };
		02DE17F528B9B67F00F9183C /* CharaterDetailTableViewCell.swift in Sources */ = {isa = PBXBuildFile; fileRef = 02DE17F428B9B67F00F9183C /* CharaterDetailTableViewCell.swift */; };
/* End PBXBuildFile section */

/* Begin PBXFileReference section */
		0220F6FE28B65A1500864126 /* CharacterDetailCoordinator.swift */ = {isa = PBXFileReference; lastKnownFileType = sourcecode.swift; path = CharacterDetailCoordinator.swift; sourceTree = "<group>"; };
		0220F70028B65ADE00864126 /* CharacterDetailViewController.swift */ = {isa = PBXFileReference; lastKnownFileType = sourcecode.swift; path = CharacterDetailViewController.swift; sourceTree = "<group>"; };
		0220F70228B65BC600864126 /* CharacterDetailViewModel.swift */ = {isa = PBXFileReference; lastKnownFileType = sourcecode.swift; path = CharacterDetailViewModel.swift; sourceTree = "<group>"; };
		023333B528C3521000C18F38 /* Character.xcdatamodel */ = {isa = PBXFileReference; lastKnownFileType = wrapper.xcdatamodel; path = Character.xcdatamodel; sourceTree = "<group>"; };
		023333B828C3550B00C18F38 /* CoreDataManager.swift */ = {isa = PBXFileReference; lastKnownFileType = sourcecode.swift; path = CoreDataManager.swift; sourceTree = "<group>"; };
		023333BA28C357FE00C18F38 /* LikedCharacter+CoreDataClass.swift */ = {isa = PBXFileReference; lastKnownFileType = sourcecode.swift; path = "LikedCharacter+CoreDataClass.swift"; sourceTree = "<group>"; };
		023333BB28C357FE00C18F38 /* LikedCharacter+CoreDataProperties.swift */ = {isa = PBXFileReference; lastKnownFileType = sourcecode.swift; path = "LikedCharacter+CoreDataProperties.swift"; sourceTree = "<group>"; };
		023333BE28C3588E00C18F38 /* CoreDataManager+Extensions.swift */ = {isa = PBXFileReference; lastKnownFileType = sourcecode.swift; path = "CoreDataManager+Extensions.swift"; sourceTree = "<group>"; };
		023333C028C358AF00C18F38 /* CoreDataManager+Protocol.swift */ = {isa = PBXFileReference; lastKnownFileType = sourcecode.swift; path = "CoreDataManager+Protocol.swift"; sourceTree = "<group>"; };
		023333C228C3590800C18F38 /* LikedCharacterModel .swift */ = {isa = PBXFileReference; lastKnownFileType = sourcecode.swift; path = "LikedCharacterModel .swift"; sourceTree = "<group>"; };
		023B6AA128BDCA9B00441A7C /* InfoHeaderSectionView.swift */ = {isa = PBXFileReference; lastKnownFileType = sourcecode.swift; path = InfoHeaderSectionView.swift; sourceTree = "<group>"; };
		0250AB8228B20ACD0025400B /* API.swift */ = {isa = PBXFileReference; lastKnownFileType = sourcecode.swift; path = API.swift; sourceTree = "<group>"; };
		0250AB8428B20D050025400B /* NetworkService.swift */ = {isa = PBXFileReference; lastKnownFileType = sourcecode.swift; path = NetworkService.swift; sourceTree = "<group>"; };
		0250AB8628B20FC10025400B /* URLFactory.swift */ = {isa = PBXFileReference; lastKnownFileType = sourcecode.swift; path = URLFactory.swift; sourceTree = "<group>"; };
		027437FC28B077880005142F /* RickAndMorty.app */ = {isa = PBXFileReference; explicitFileType = wrapper.application; includeInIndex = 0; path = RickAndMorty.app; sourceTree = BUILT_PRODUCTS_DIR; };
		027437FF28B077880005142F /* AppDelegate.swift */ = {isa = PBXFileReference; lastKnownFileType = sourcecode.swift; path = AppDelegate.swift; sourceTree = "<group>"; };
		0274380128B077880005142F /* SceneDelegate.swift */ = {isa = PBXFileReference; lastKnownFileType = sourcecode.swift; path = SceneDelegate.swift; sourceTree = "<group>"; };
		0274380828B0778B0005142F /* Assets.xcassets */ = {isa = PBXFileReference; lastKnownFileType = folder.assetcatalog; path = Assets.xcassets; sourceTree = "<group>"; };
		0274380B28B0778B0005142F /* Base */ = {isa = PBXFileReference; lastKnownFileType = file.storyboard; name = Base; path = Base.lproj/LaunchScreen.storyboard; sourceTree = "<group>"; };
		0274380D28B0778B0005142F /* Info.plist */ = {isa = PBXFileReference; lastKnownFileType = text.plist.xml; path = Info.plist; sourceTree = "<group>"; };
		0274381E28B07D480005142F /* AppCoordinator.swift */ = {isa = PBXFileReference; lastKnownFileType = sourcecode.swift; path = AppCoordinator.swift; sourceTree = "<group>"; };
		0274382328B07FE60005142F /* CharacterListViewController.swift */ = {isa = PBXFileReference; lastKnownFileType = sourcecode.swift; path = CharacterListViewController.swift; sourceTree = "<group>"; };
		0274382528B080320005142F /* CharacterListViewModel.swift */ = {isa = PBXFileReference; lastKnownFileType = sourcecode.swift; path = CharacterListViewModel.swift; sourceTree = "<group>"; };
		0274382728B080F10005142F /* CharacterListCoordinator.swift */ = {isa = PBXFileReference; lastKnownFileType = sourcecode.swift; path = CharacterListCoordinator.swift; sourceTree = "<group>"; };
		0274382A28B0BE7E0005142F /* CharacterCollectionViewCell.swift */ = {isa = PBXFileReference; lastKnownFileType = sourcecode.swift; path = CharacterCollectionViewCell.swift; sourceTree = "<group>"; };
		0274382D28B0C0BA0005142F /* Constants.swift */ = {isa = PBXFileReference; lastKnownFileType = sourcecode.swift; path = Constants.swift; sourceTree = "<group>"; };
		0274382F28B0EBB30005142F /* Character.swift */ = {isa = PBXFileReference; lastKnownFileType = sourcecode.swift; path = Character.swift; sourceTree = "<group>"; };
		0274383528B0F4BE0005142F /* UIImageView + Extensions.swift */ = {isa = PBXFileReference; lastKnownFileType = sourcecode.swift; path = "UIImageView + Extensions.swift"; sourceTree = "<group>"; };
		0276BF1B28B32844005B71C9 /* NetworkService+Characters.swift */ = {isa = PBXFileReference; lastKnownFileType = sourcecode.swift; path = "NetworkService+Characters.swift"; sourceTree = "<group>"; };
		0276BF1D28B32914005B71C9 /* Response.swift */ = {isa = PBXFileReference; lastKnownFileType = sourcecode.swift; path = Response.swift; sourceTree = "<group>"; };
		0276BF1F28B32948005B71C9 /* Info.swift */ = {isa = PBXFileReference; lastKnownFileType = sourcecode.swift; path = Info.swift; sourceTree = "<group>"; };
		027D84F428C324B600F41C4B /* CharacterLikedCoordinator.swift */ = {isa = PBXFileReference; lastKnownFileType = sourcecode.swift; path = CharacterLikedCoordinator.swift; sourceTree = "<group>"; };
		027D84F628C325FE00F41C4B /* CharacterLikedViewController.swift */ = {isa = PBXFileReference; lastKnownFileType = sourcecode.swift; path = CharacterLikedViewController.swift; sourceTree = "<group>"; };
		027D84F828C3264500F41C4B /* CharacterLikedViewModel.swift */ = {isa = PBXFileReference; lastKnownFileType = sourcecode.swift; path = CharacterLikedViewModel.swift; sourceTree = "<group>"; };
		027F5C1F28B89B1C005C7F7A /* CharacterDetailHeaderView.swift */ = {isa = PBXFileReference; lastKnownFileType = sourcecode.swift; path = CharacterDetailHeaderView.swift; sourceTree = "<group>"; };
		02DE17F428B9B67F00F9183C /* CharaterDetailTableViewCell.swift */ = {isa = PBXFileReference; lastKnownFileType = sourcecode.swift; path = CharaterDetailTableViewCell.swift; sourceTree = "<group>"; };
/* End PBXFileReference section */

/* Begin PBXFrameworksBuildPhase section */
		027437F928B077880005142F /* Frameworks */ = {
			isa = PBXFrameworksBuildPhase;
			buildActionMask = 2147483647;
			files = (
				0274383328B0F1110005142F /* Kingfisher in Frameworks */,
			);
			runOnlyForDeploymentPostprocessing = 0;
		};
/* End PBXFrameworksBuildPhase section */

/* Begin PBXGroup section */
		023333B728C354C000C18F38 /* CoreData */ = {
			isa = PBXGroup;
			children = (
				023333BA28C357FE00C18F38 /* LikedCharacter+CoreDataClass.swift */,
				023333BB28C357FE00C18F38 /* LikedCharacter+CoreDataProperties.swift */,
				023333B828C3550B00C18F38 /* CoreDataManager.swift */,
				023333BE28C3588E00C18F38 /* CoreDataManager+Extensions.swift */,
				023333C028C358AF00C18F38 /* CoreDataManager+Protocol.swift */,
			);
			path = CoreData;
			sourceTree = "<group>";
		};
		027437F328B077880005142F = {
			isa = PBXGroup;
			children = (
				027437FE28B077880005142F /* RickAndMorty */,
				027437FD28B077880005142F /* Products */,
			);
			sourceTree = "<group>";
		};
		027437FD28B077880005142F /* Products */ = {
			isa = PBXGroup;
			children = (
				027437FC28B077880005142F /* RickAndMorty.app */,
			);
			name = Products;
			sourceTree = "<group>";
		};
		027437FE28B077880005142F /* RickAndMorty */ = {
			isa = PBXGroup;
			children = (
				023333B728C354C000C18F38 /* CoreData */,
				0274381628B079F80005142F /* Application */,
				0274381728B07B790005142F /* Coordinator */,
				0274381828B07BA20005142F /* Model */,
				0274381A28B07BBF0005142F /* View */,
				0274381B28B07BC60005142F /* ViewModel */,
				0274381C28B07BEE0005142F /* Service */,
				0274382928B0BE450005142F /* Controllers */,
				0274380D28B0778B0005142F /* Info.plist */,
				0274382C28B0C0B00005142F /* Helpers */,
				0274380828B0778B0005142F /* Assets.xcassets */,
				0274383428B0F4AF0005142F /* Extensions */,
				0274380A28B0778B0005142F /* LaunchScreen.storyboard */,
				023333B428C3521000C18F38 /* Character.xcdatamodeld */,
			);
			path = RickAndMorty;
			sourceTree = "<group>";
		};
		0274381628B079F80005142F /* Application */ = {
			isa = PBXGroup;
			children = (
				027437FF28B077880005142F /* AppDelegate.swift */,
				0274380128B077880005142F /* SceneDelegate.swift */,
			);
			path = Application;
			sourceTree = "<group>";
		};
		0274381728B07B790005142F /* Coordinator */ = {
			isa = PBXGroup;
			children = (
				0274381E28B07D480005142F /* AppCoordinator.swift */,
				0274382728B080F10005142F /* CharacterListCoordinator.swift */,
				0220F6FE28B65A1500864126 /* CharacterDetailCoordinator.swift */,
				027D84F428C324B600F41C4B /* CharacterLikedCoordinator.swift */,
			);
			path = Coordinator;
			sourceTree = "<group>";
		};
		0274381828B07BA20005142F /* Model */ = {
			isa = PBXGroup;
			children = (
				0274382F28B0EBB30005142F /* Character.swift */,
				0276BF1D28B32914005B71C9 /* Response.swift */,
				0276BF1F28B32948005B71C9 /* Info.swift */,
				023333C228C3590800C18F38 /* LikedCharacterModel .swift */,
			);
			path = Model;
			sourceTree = "<group>";
		};
		0274381A28B07BBF0005142F /* View */ = {
			isa = PBXGroup;
			children = (
				0274382A28B0BE7E0005142F /* CharacterCollectionViewCell.swift */,
				027F5C1F28B89B1C005C7F7A /* CharacterDetailHeaderView.swift */,
				02DE17F428B9B67F00F9183C /* CharaterDetailTableViewCell.swift */,
				023B6AA128BDCA9B00441A7C /* InfoHeaderSectionView.swift */,
			);
			path = View;
			sourceTree = "<group>";
		};
		0274381B28B07BC60005142F /* ViewModel */ = {
			isa = PBXGroup;
			children = (
				0274382528B080320005142F /* CharacterListViewModel.swift */,
				0220F70228B65BC600864126 /* CharacterDetailViewModel.swift */,
				027D84F828C3264500F41C4B /* CharacterLikedViewModel.swift */,
			);
			path = ViewModel;
			sourceTree = "<group>";
		};
		0274381C28B07BEE0005142F /* Service */ = {
			isa = PBXGroup;
			children = (
				0274381D28B07BF50005142F /* Network */,
			);
			path = Service;
			sourceTree = "<group>";
		};
		0274381D28B07BF50005142F /* Network */ = {
			isa = PBXGroup;
			children = (
				0250AB8228B20ACD0025400B /* API.swift */,
				0250AB8428B20D050025400B /* NetworkService.swift */,
				0276BF1B28B32844005B71C9 /* NetworkService+Characters.swift */,
				0250AB8628B20FC10025400B /* URLFactory.swift */,
			);
			path = Network;
			sourceTree = "<group>";
		};
		0274382928B0BE450005142F /* Controllers */ = {
			isa = PBXGroup;
			children = (
				0274382328B07FE60005142F /* CharacterListViewController.swift */,
				0220F70028B65ADE00864126 /* CharacterDetailViewController.swift */,
				027D84F628C325FE00F41C4B /* CharacterLikedViewController.swift */,
			);
			path = Controllers;
			sourceTree = "<group>";
		};
		0274382C28B0C0B00005142F /* Helpers */ = {
			isa = PBXGroup;
			children = (
				0274382D28B0C0BA0005142F /* Constants.swift */,
			);
			path = Helpers;
			sourceTree = "<group>";
		};
		0274383428B0F4AF0005142F /* Extensions */ = {
			isa = PBXGroup;
			children = (
				0274383528B0F4BE0005142F /* UIImageView + Extensions.swift */,
			);
			path = Extensions;
			sourceTree = "<group>";
		};
/* End PBXGroup section */

/* Begin PBXNativeTarget section */
		027437FB28B077880005142F /* RickAndMorty */ = {
			isa = PBXNativeTarget;
			buildConfigurationList = 0274381028B0778B0005142F /* Build configuration list for PBXNativeTarget "RickAndMorty" */;
			buildPhases = (
				027437F828B077880005142F /* Sources */,
				027437F928B077880005142F /* Frameworks */,
				027437FA28B077880005142F /* Resources */,
			);
			buildRules = (
			);
			dependencies = (
			);
			name = RickAndMorty;
			packageProductDependencies = (
				0274383228B0F1110005142F /* Kingfisher */,
			);
			productName = RickAndMorty;
			productReference = 027437FC28B077880005142F /* RickAndMorty.app */;
			productType = "com.apple.product-type.application";
		};
/* End PBXNativeTarget section */

/* Begin PBXProject section */
		027437F428B077880005142F /* Project object */ = {
			isa = PBXProject;
			attributes = {
				BuildIndependentTargetsInParallel = 1;
				LastSwiftUpdateCheck = 1340;
				LastUpgradeCheck = 1340;
				TargetAttributes = {
					027437FB28B077880005142F = {
						CreatedOnToolsVersion = 13.4.1;
					};
				};
			};
			buildConfigurationList = 027437F728B077880005142F /* Build configuration list for PBXProject "RickAndMorty" */;
			compatibilityVersion = "Xcode 13.0";
			developmentRegion = en;
			hasScannedForEncodings = 0;
			knownRegions = (
				en,
				Base,
			);
			mainGroup = 027437F328B077880005142F;
			packageReferences = (
				0274383128B0F1110005142F /* XCRemoteSwiftPackageReference "Kingfisher" */,
			);
			productRefGroup = 027437FD28B077880005142F /* Products */;
			projectDirPath = "";
			projectRoot = "";
			targets = (
				027437FB28B077880005142F /* RickAndMorty */,
			);
		};
/* End PBXProject section */

/* Begin PBXResourcesBuildPhase section */
		027437FA28B077880005142F /* Resources */ = {
			isa = PBXResourcesBuildPhase;
			buildActionMask = 2147483647;
			files = (
				0274380C28B0778B0005142F /* LaunchScreen.storyboard in Resources */,
				0274380928B0778B0005142F /* Assets.xcassets in Resources */,
			);
			runOnlyForDeploymentPostprocessing = 0;
		};
/* End PBXResourcesBuildPhase section */

/* Begin PBXSourcesBuildPhase section */
		027437F828B077880005142F /* Sources */ = {
			isa = PBXSourcesBuildPhase;
			buildActionMask = 2147483647;
			files = (
				0250AB8328B20ACD0025400B /* API.swift in Sources */,
				0220F70328B65BC600864126 /* CharacterDetailViewModel.swift in Sources */,
				0276BF2028B32948005B71C9 /* Info.swift in Sources */,
				023333C128C358AF00C18F38 /* CoreDataManager+Protocol.swift in Sources */,
				023333BC28C357FE00C18F38 /* LikedCharacter+CoreDataClass.swift in Sources */,
				0274383028B0EBB30005142F /* Character.swift in Sources */,
				0274382828B080F10005142F /* CharacterListCoordinator.swift in Sources */,
				0250AB8728B20FC10025400B /* URLFactory.swift in Sources */,
				023333B928C3550B00C18F38 /* CoreDataManager.swift in Sources */,
				0276BF1E28B32914005B71C9 /* Response.swift in Sources */,
				0274382428B07FE60005142F /* CharacterListViewController.swift in Sources */,
				0220F70128B65ADE00864126 /* CharacterDetailViewController.swift in Sources */,
				023B6AA228BDCA9B00441A7C /* InfoHeaderSectionView.swift in Sources */,
				0274381F28B07D480005142F /* AppCoordinator.swift in Sources */,
				0274383628B0F4BE0005142F /* UIImageView + Extensions.swift in Sources */,
				02DE17F528B9B67F00F9183C /* CharaterDetailTableViewCell.swift in Sources */,
				027D84F528C324B600F41C4B /* CharacterLikedCoordinator.swift in Sources */,
				0274380028B077880005142F /* AppDelegate.swift in Sources */,
				0220F6FF28B65A1500864126 /* CharacterDetailCoordinator.swift in Sources */,
				0274382628B080320005142F /* CharacterListViewModel.swift in Sources */,
				027F5C2028B89B1C005C7F7A /* CharacterDetailHeaderView.swift in Sources */,
				023333BF28C3588E00C18F38 /* CoreDataManager+Extensions.swift in Sources */,
				027D84F728C325FE00F41C4B /* CharacterLikedViewController.swift in Sources */,
				0274380228B077880005142F /* SceneDelegate.swift in Sources */,
				0274382B28B0BE7E0005142F /* CharacterCollectionViewCell.swift in Sources */,
				023333BD28C357FE00C18F38 /* LikedCharacter+CoreDataProperties.swift in Sources */,
				023333B628C3521000C18F38 /* Character.xcdatamodeld in Sources */,
				0250AB8528B20D050025400B /* NetworkService.swift in Sources */,
				023333C328C3590800C18F38 /* LikedCharacterModel .swift in Sources */,
				0276BF1C28B32844005B71C9 /* NetworkService+Characters.swift in Sources */,
				027D84F928C3264500F41C4B /* CharacterLikedViewModel.swift in Sources */,
				0274382E28B0C0BA0005142F /* Constants.swift in Sources */,
			);
			runOnlyForDeploymentPostprocessing = 0;
		};
/* End PBXSourcesBuildPhase section */

/* Begin PBXVariantGroup section */
		0274380A28B0778B0005142F /* LaunchScreen.storyboard */ = {
			isa = PBXVariantGroup;
			children = (
				0274380B28B0778B0005142F /* Base */,
			);
			name = LaunchScreen.storyboard;
			sourceTree = "<group>";
		};
/* End PBXVariantGroup section */

/* Begin XCBuildConfiguration section */
		0274380E28B0778B0005142F /* Debug */ = {
			isa = XCBuildConfiguration;
			buildSettings = {
				ALWAYS_SEARCH_USER_PATHS = NO;
				CLANG_ANALYZER_NONNULL = YES;
				CLANG_ANALYZER_NUMBER_OBJECT_CONVERSION = YES_AGGRESSIVE;
				CLANG_CXX_LANGUAGE_STANDARD = "gnu++17";
				CLANG_ENABLE_MODULES = YES;
				CLANG_ENABLE_OBJC_ARC = YES;
				CLANG_ENABLE_OBJC_WEAK = YES;
				CLANG_WARN_BLOCK_CAPTURE_AUTORELEASING = YES;
				CLANG_WARN_BOOL_CONVERSION = YES;
				CLANG_WARN_COMMA = YES;
				CLANG_WARN_CONSTANT_CONVERSION = YES;
				CLANG_WARN_DEPRECATED_OBJC_IMPLEMENTATIONS = YES;
				CLANG_WARN_DIRECT_OBJC_ISA_USAGE = YES_ERROR;
				CLANG_WARN_DOCUMENTATION_COMMENTS = YES;
				CLANG_WARN_EMPTY_BODY = YES;
				CLANG_WARN_ENUM_CONVERSION = YES;
				CLANG_WARN_INFINITE_RECURSION = YES;
				CLANG_WARN_INT_CONVERSION = YES;
				CLANG_WARN_NON_LITERAL_NULL_CONVERSION = YES;
				CLANG_WARN_OBJC_IMPLICIT_RETAIN_SELF = YES;
				CLANG_WARN_OBJC_LITERAL_CONVERSION = YES;
				CLANG_WARN_OBJC_ROOT_CLASS = YES_ERROR;
				CLANG_WARN_QUOTED_INCLUDE_IN_FRAMEWORK_HEADER = YES;
				CLANG_WARN_RANGE_LOOP_ANALYSIS = YES;
				CLANG_WARN_STRICT_PROTOTYPES = YES;
				CLANG_WARN_SUSPICIOUS_MOVE = YES;
				CLANG_WARN_UNGUARDED_AVAILABILITY = YES_AGGRESSIVE;
				CLANG_WARN_UNREACHABLE_CODE = YES;
				CLANG_WARN__DUPLICATE_METHOD_MATCH = YES;
				COPY_PHASE_STRIP = NO;
				DEBUG_INFORMATION_FORMAT = dwarf;
				ENABLE_STRICT_OBJC_MSGSEND = YES;
				ENABLE_TESTABILITY = YES;
				GCC_C_LANGUAGE_STANDARD = gnu11;
				GCC_DYNAMIC_NO_PIC = NO;
				GCC_NO_COMMON_BLOCKS = YES;
				GCC_OPTIMIZATION_LEVEL = 0;
				GCC_PREPROCESSOR_DEFINITIONS = (
					"DEBUG=1",
					"$(inherited)",
				);
				GCC_WARN_64_TO_32_BIT_CONVERSION = YES;
				GCC_WARN_ABOUT_RETURN_TYPE = YES_ERROR;
				GCC_WARN_UNDECLARED_SELECTOR = YES;
				GCC_WARN_UNINITIALIZED_AUTOS = YES_AGGRESSIVE;
				GCC_WARN_UNUSED_FUNCTION = YES;
				GCC_WARN_UNUSED_VARIABLE = YES;
				IPHONEOS_DEPLOYMENT_TARGET = 15.5;
				MTL_ENABLE_DEBUG_INFO = INCLUDE_SOURCE;
				MTL_FAST_MATH = YES;
				ONLY_ACTIVE_ARCH = YES;
				SDKROOT = iphoneos;
				SWIFT_ACTIVE_COMPILATION_CONDITIONS = DEBUG;
				SWIFT_OPTIMIZATION_LEVEL = "-Onone";
			};
			name = Debug;
		};
		0274380F28B0778B0005142F /* Release */ = {
			isa = XCBuildConfiguration;
			buildSettings = {
				ALWAYS_SEARCH_USER_PATHS = NO;
				CLANG_ANALYZER_NONNULL = YES;
				CLANG_ANALYZER_NUMBER_OBJECT_CONVERSION = YES_AGGRESSIVE;
				CLANG_CXX_LANGUAGE_STANDARD = "gnu++17";
				CLANG_ENABLE_MODULES = YES;
				CLANG_ENABLE_OBJC_ARC = YES;
				CLANG_ENABLE_OBJC_WEAK = YES;
				CLANG_WARN_BLOCK_CAPTURE_AUTORELEASING = YES;
				CLANG_WARN_BOOL_CONVERSION = YES;
				CLANG_WARN_COMMA = YES;
				CLANG_WARN_CONSTANT_CONVERSION = YES;
				CLANG_WARN_DEPRECATED_OBJC_IMPLEMENTATIONS = YES;
				CLANG_WARN_DIRECT_OBJC_ISA_USAGE = YES_ERROR;
				CLANG_WARN_DOCUMENTATION_COMMENTS = YES;
				CLANG_WARN_EMPTY_BODY = YES;
				CLANG_WARN_ENUM_CONVERSION = YES;
				CLANG_WARN_INFINITE_RECURSION = YES;
				CLANG_WARN_INT_CONVERSION = YES;
				CLANG_WARN_NON_LITERAL_NULL_CONVERSION = YES;
				CLANG_WARN_OBJC_IMPLICIT_RETAIN_SELF = YES;
				CLANG_WARN_OBJC_LITERAL_CONVERSION = YES;
				CLANG_WARN_OBJC_ROOT_CLASS = YES_ERROR;
				CLANG_WARN_QUOTED_INCLUDE_IN_FRAMEWORK_HEADER = YES;
				CLANG_WARN_RANGE_LOOP_ANALYSIS = YES;
				CLANG_WARN_STRICT_PROTOTYPES = YES;
				CLANG_WARN_SUSPICIOUS_MOVE = YES;
				CLANG_WARN_UNGUARDED_AVAILABILITY = YES_AGGRESSIVE;
				CLANG_WARN_UNREACHABLE_CODE = YES;
				CLANG_WARN__DUPLICATE_METHOD_MATCH = YES;
				COPY_PHASE_STRIP = NO;
				DEBUG_INFORMATION_FORMAT = "dwarf-with-dsym";
				ENABLE_NS_ASSERTIONS = NO;
				ENABLE_STRICT_OBJC_MSGSEND = YES;
				GCC_C_LANGUAGE_STANDARD = gnu11;
				GCC_NO_COMMON_BLOCKS = YES;
				GCC_WARN_64_TO_32_BIT_CONVERSION = YES;
				GCC_WARN_ABOUT_RETURN_TYPE = YES_ERROR;
				GCC_WARN_UNDECLARED_SELECTOR = YES;
				GCC_WARN_UNINITIALIZED_AUTOS = YES_AGGRESSIVE;
				GCC_WARN_UNUSED_FUNCTION = YES;
				GCC_WARN_UNUSED_VARIABLE = YES;
				IPHONEOS_DEPLOYMENT_TARGET = 15.5;
				MTL_ENABLE_DEBUG_INFO = NO;
				MTL_FAST_MATH = YES;
				SDKROOT = iphoneos;
				SWIFT_COMPILATION_MODE = wholemodule;
				SWIFT_OPTIMIZATION_LEVEL = "-O";
				VALIDATE_PRODUCT = YES;
			};
			name = Release;
		};
		0274381128B0778B0005142F /* Debug */ = {
			isa = XCBuildConfiguration;
			buildSettings = {
				ASSETCATALOG_COMPILER_APPICON_NAME = AppIcon;
				ASSETCATALOG_COMPILER_GLOBAL_ACCENT_COLOR_NAME = AccentColor;
				CODE_SIGN_STYLE = Automatic;
				CURRENT_PROJECT_VERSION = 1;
				DEVELOPMENT_TEAM = 5PNLJ94N82;
				GENERATE_INFOPLIST_FILE = YES;
				INFOPLIST_FILE = RickAndMorty/Info.plist;
				INFOPLIST_KEY_UIApplicationSupportsIndirectInputEvents = YES;
				INFOPLIST_KEY_UILaunchStoryboardName = LaunchScreen;
				INFOPLIST_KEY_UISupportedInterfaceOrientations_iPad = "UIInterfaceOrientationPortrait UIInterfaceOrientationPortraitUpsideDown UIInterfaceOrientationLandscapeLeft UIInterfaceOrientationLandscapeRight";
				INFOPLIST_KEY_UISupportedInterfaceOrientations_iPhone = "UIInterfaceOrientationPortrait UIInterfaceOrientationLandscapeLeft UIInterfaceOrientationLandscapeRight";
				IPHONEOS_DEPLOYMENT_TARGET = 13.0;
				LD_RUNPATH_SEARCH_PATHS = (
					"$(inherited)",
					"@executable_path/Frameworks",
				);
				MARKETING_VERSION = 1.0;
				PRODUCT_BUNDLE_IDENTIFIER = inputlagged.RickAndMorty;
				PRODUCT_NAME = "$(TARGET_NAME)";
				SWIFT_EMIT_LOC_STRINGS = YES;
				SWIFT_VERSION = 5.0;
				TARGETED_DEVICE_FAMILY = 1;
			};
			name = Debug;
		};
		0274381228B0778B0005142F /* Release */ = {
			isa = XCBuildConfiguration;
			buildSettings = {
				ASSETCATALOG_COMPILER_APPICON_NAME = AppIcon;
				ASSETCATALOG_COMPILER_GLOBAL_ACCENT_COLOR_NAME = AccentColor;
				CODE_SIGN_STYLE = Automatic;
				CURRENT_PROJECT_VERSION = 1;
				DEVELOPMENT_TEAM = 5PNLJ94N82;
				GENERATE_INFOPLIST_FILE = YES;
				INFOPLIST_FILE = RickAndMorty/Info.plist;
				INFOPLIST_KEY_UIApplicationSupportsIndirectInputEvents = YES;
				INFOPLIST_KEY_UILaunchStoryboardName = LaunchScreen;
				INFOPLIST_KEY_UISupportedInterfaceOrientations_iPad = "UIInterfaceOrientationPortrait UIInterfaceOrientationPortraitUpsideDown UIInterfaceOrientationLandscapeLeft UIInterfaceOrientationLandscapeRight";
				INFOPLIST_KEY_UISupportedInterfaceOrientations_iPhone = "UIInterfaceOrientationPortrait UIInterfaceOrientationLandscapeLeft UIInterfaceOrientationLandscapeRight";
				IPHONEOS_DEPLOYMENT_TARGET = 13.0;
				LD_RUNPATH_SEARCH_PATHS = (
					"$(inherited)",
					"@executable_path/Frameworks",
				);
				MARKETING_VERSION = 1.0;
				PRODUCT_BUNDLE_IDENTIFIER = inputlagged.RickAndMorty;
				PRODUCT_NAME = "$(TARGET_NAME)";
				SWIFT_EMIT_LOC_STRINGS = YES;
				SWIFT_VERSION = 5.0;
				TARGETED_DEVICE_FAMILY = 1;
			};
			name = Release;
		};
/* End XCBuildConfiguration section */

/* Begin XCConfigurationList section */
		027437F728B077880005142F /* Build configuration list for PBXProject "RickAndMorty" */ = {
			isa = XCConfigurationList;
			buildConfigurations = (
				0274380E28B0778B0005142F /* Debug */,
				0274380F28B0778B0005142F /* Release */,
			);
			defaultConfigurationIsVisible = 0;
			defaultConfigurationName = Release;
		};
		0274381028B0778B0005142F /* Build configuration list for PBXNativeTarget "RickAndMorty" */ = {
			isa = XCConfigurationList;
			buildConfigurations = (
				0274381128B0778B0005142F /* Debug */,
				0274381228B0778B0005142F /* Release */,
			);
			defaultConfigurationIsVisible = 0;
			defaultConfigurationName = Release;
		};
/* End XCConfigurationList section */

/* Begin XCRemoteSwiftPackageReference section */
		0274383128B0F1110005142F /* XCRemoteSwiftPackageReference "Kingfisher" */ = {
			isa = XCRemoteSwiftPackageReference;
			repositoryURL = "https://github.com/onevcat/Kingfisher";
			requirement = {
				kind = upToNextMajorVersion;
				minimumVersion = 7.0.0;
			};
		};
/* End XCRemoteSwiftPackageReference section */

/* Begin XCSwiftPackageProductDependency section */
		0274383228B0F1110005142F /* Kingfisher */ = {
			isa = XCSwiftPackageProductDependency;
			package = 0274383128B0F1110005142F /* XCRemoteSwiftPackageReference "Kingfisher" */;
			productName = Kingfisher;
		};
/* End XCSwiftPackageProductDependency section */

/* Begin XCVersionGroup section */
		023333B428C3521000C18F38 /* Character.xcdatamodeld */ = {
			isa = XCVersionGroup;
			children = (
				023333B528C3521000C18F38 /* Character.xcdatamodel */,
			);
			currentVersion = 023333B528C3521000C18F38 /* Character.xcdatamodel */;
			path = Character.xcdatamodeld;
			sourceTree = "<group>";
			versionGroupType = wrapper.xcdatamodel;
		};
/* End XCVersionGroup section */
	};
	rootObject = 027437F428B077880005142F /* Project object */;
}
